{
  "version": 4,
  "terraform_version": "1.14.5",
  "serial": 85,
  "lineage": "e4734d9b-6b17-05aa-9409-985671b7fc94",
  "outputs": {
    "cloud_run_service_account": {
      "value": "bartenders-run@bartenders-464918.iam.gserviceaccount.com",
      "type": "string"
    },
    "cloud_run_url": {
      "value": "https://bartenders-fttyt7vtiq-ue.a.run.app",
      "type": "string"
    },
    "domain_mapping_records": {
      "value": [
        {
          "name": "",
          "rrdata": "216.239.32.21",
          "type": "A"
        },
        {
          "name": "",
          "rrdata": "216.239.34.21",
          "type": "A"
        },
        {
          "name": "",
          "rrdata": "216.239.36.21",
          "type": "A"
        },
        {
          "name": "",
          "rrdata": "216.239.38.21",
          "type": "A"
        },
        {
          "name": "",
          "rrdata": "2001:4860:4802:32::15",
          "type": "AAAA"
        },
        {
          "name": "",
          "rrdata": "2001:4860:4802:34::15",
          "type": "AAAA"
        },
        {
          "name": "",
          "rrdata": "2001:4860:4802:36::15",
          "type": "AAAA"
        },
        {
          "name": "",
          "rrdata": "2001:4860:4802:38::15",
          "type": "AAAA"
        }
      ],
      "type": [
        "list",
        [
          "object",
          {
            "name": "string",
            "rrdata": "string",
            "type": "string"
          }
        ]
      ]
    }
  },
  "resources": [
    {
      "mode": "managed",
      "type": "google_artifact_registry_repository",
      "name": "docker_us",
      "provider": "provider[\"registry.terraform.io/hashicorp/google\"]",
      "instances": [
        {
          "schema_version": 0,
          "attributes": {
            "cleanup_policies": [
              {
                "action": "DELETE",
                "condition": [
                  {
                    "newer_than": "",
                    "older_than": "2592000s",
                    "package_name_prefixes": [],
                    "tag_prefixes": [],
                    "tag_state": "TAGGED",
                    "version_name_prefixes": []
                  }
                ],
                "id": "delete-old-tagged",
                "most_recent_versions": []
              },
              {
                "action": "DELETE",
                "condition": [
                  {
                    "newer_than": "",
                    "older_than": "604800s",
                    "package_name_prefixes": [],
                    "tag_prefixes": [],
                    "tag_state": "UNTAGGED",
                    "version_name_prefixes": []
                  }
                ],
                "id": "delete-untagged",
                "most_recent_versions": []
              },
              {
                "action": "KEEP",
                "condition": [],
                "id": "keep-recent",
                "most_recent_versions": [
                  {
                    "keep_count": 10,
                    "package_name_prefixes": []
                  }
                ]
              }
            ],
            "cleanup_policy_dry_run": false,
            "create_time": "2025-08-24T14:03:10.907104Z",
            "description": "Docker images for bartenders",
            "docker_config": [],
            "effective_labels": {
              "app": "bartenders",
              "env": "prod",
              "region": "us-east1"
            },
            "format": "DOCKER",
            "id": "projects/bartenders-464918/locations/us-east1/repositories/docker-us",
            "kms_key_name": "",
            "labels": {
              "app": "bartenders",
              "env": "prod",
              "region": "us-east1"
            },
            "location": "us-east1",
            "maven_config": [],
            "mode": "STANDARD_REPOSITORY",
            "name": "docker-us",
            "project": "bartenders-464918",
            "remote_repository_config": [],
            "repository_id": "docker-us",
            "terraform_labels": {
              "app": "bartenders",
              "env": "prod",
              "region": "us-east1"
            },
            "timeouts": null,
            "update_time": "2026-04-11T10:28:25.512683Z",
            "virtual_repository_config": [],
            "vulnerability_scanning_config": [
              {
                "enablement_config": "DISABLED",
                "enablement_state": "SCANNING_DISABLED",
                "enablement_state_reason": "API containerscanning.googleapis.com is not enabled."
              }
            ]
          },
          "sensitive_attributes": [],
          "identity_schema_version": 0,
          "private": "eyJlMmJmYjczMC1lY2FhLTExZTYtOGY4OC0zNDM2M2JjN2M0YzAiOnsiY3JlYXRlIjoxMjAwMDAwMDAwMDAwLCJkZWxldGUiOjEyMDAwMDAwMDAwMDAsInVwZGF0ZSI6MTIwMDAwMDAwMDAwMH19"
        }
      ]
    },
    {
      "mode": "managed",
      "type": "google_artifact_registry_repository_iam_member",
      "name": "run_pulls_images",
      "provider": "provider[\"registry.terraform.io/hashicorp/google\"]",
      "instances": [
        {
          "schema_version": 0,
          "attributes": {
            "condition": [],
            "etag": "BwZPK/HQ6uA=",
            "id": "projects/bartenders-464918/locations/us-east1/repositories/docker-us/roles/artifactregistry.reader/serviceAccount:bartenders-run@bartenders-464918.iam.gserviceaccount.com",
            "location": "us-east1",
            "member": "serviceAccount:bartenders-run@bartenders-464918.iam.gserviceaccount.com",
            "project": "bartenders-464918",
            "repository": "projects/bartenders-464918/locations/us-east1/repositories/docker-us",
            "role": "roles/artifactregistry.reader"
          },
          "sensitive_attributes": [],
          "identity_schema_version": 0,
          "private": "bnVsbA==",
          "dependencies": [
            "google_artifact_registry_repository.docker_us",
            "google_service_account.bartenders_run"
          ]
        }
      ]
    },
    {
      "mode": "managed",
      "type": "google_cloud_run_domain_mapping",
      "name": "cheetahmoongames",
      "provider": "provider[\"registry.terraform.io/hashicorp/google\"]",
      "instances": [
        {
          "schema_version": 1,
          "attributes": {
            "id": "locations/us-east1/namespaces/bartenders-464918/domainmappings/cheetahmoongames.com",
            "location": "us-east1",
            "metadata": [
              {
                "annotations": {},
                "effective_annotations": {
                  "run.googleapis.com/operation-id": "58590ace-4c94-4d5f-814f-9b663447872f",
                  "serving.knative.dev/creator": "kylejharrison@gmail.com",
                  "serving.knative.dev/lastModifier": "kylejharrison@gmail.com"
                },
                "effective_labels": {
                  "cloud.googleapis.com/location": "us-east1",
                  "goog-terraform-provisioned": "true",
                  "run.googleapis.com/overrideAt": "2026-04-11T10:54:16.821Z"
                },
                "generation": 1,
                "labels": {},
                "namespace": "bartenders-464918",
                "resource_version": "AAZPLUUExks",
                "self_link": "/apis/domains.cloudrun.com/v1/namespaces/987774112216/domainmappings/cheetahmoongames.com",
                "terraform_labels": {
                  "goog-terraform-provisioned": "true"
                },
                "uid": "d6bda787-1798-4e19-ad1f-08f6a3aa7afd"
              }
            ],
            "name": "cheetahmoongames.com",
            "project": "bartenders-464918",
            "spec": [
              {
                "certificate_mode": "AUTOMATIC",
                "force_override": false,
                "route_name": "bartenders"
              }
            ],
            "status": [
              {
                "conditions": [
                  {
                    "message": "",
                    "reason": "",
                    "status": "True",
                    "type": "Ready"
                  },
                  {
                    "message": "",
                    "reason": "",
                    "status": "True",
                    "type": "CertificateProvisioned"
                  },
                  {
                    "message": "",
                    "reason": "",
                    "status": "True",
                    "type": "DomainRoutable"
                  }
                ],
                "mapped_route_name": "bartenders",
                "observed_generation": 1,
                "resource_records": [
                  {
                    "name": "",
                    "rrdata": "216.239.32.21",
                    "type": "A"
                  },
                  {
                    "name": "",
                    "rrdata": "216.239.34.21",
                    "type": "A"
                  },
                  {
                    "name": "",
                    "rrdata": "216.239.36.21",
                    "type": "A"
                  },
                  {
                    "name": "",
                    "rrdata": "216.239.38.21",
                    "type": "A"
                  },
                  {
                    "name": "",
                    "rrdata": "2001:4860:4802:32::15",
                    "type": "AAAA"
                  },
                  {
                    "name": "",
                    "rrdata": "2001:4860:4802:34::15",
                    "type": "AAAA"
                  },
                  {
                    "name": "",
                    "rrdata": "2001:4860:4802:36::15",
                    "type": "AAAA"
                  },
                  {
                    "name": "",
                    "rrdata": "2001:4860:4802:38::15",
                    "type": "AAAA"
                  }
                ]
              }
            ],
            "timeouts": null
          },
          "sensitive_attributes": [],
          "identity_schema_version": 0,
          "private": "eyJlMmJmYjczMC1lY2FhLTExZTYtOGY4OC0zNDM2M2JjN2M0YzAiOnsiY3JlYXRlIjoxMjAwMDAwMDAwMDAwLCJkZWxldGUiOjEyMDAwMDAwMDAwMDB9LCJzY2hlbWFfdmVyc2lvbiI6IjEifQ==",
          "dependencies": [
            "google_artifact_registry_repository.docker_us",
            "google_artifact_registry_repository_iam_member.run_pulls_images",
            "google_cloud_run_v2_service.bartenders",
            "google_project_service.cloudrun",
            "google_project_service.secretmanager",
            "google_secret_manager_secret.supabase_key",
            "google_secret_manager_secret.supabase_url",
            "google_secret_manager_secret_iam_member.run_reads_key",
            "google_secret_manager_secret_iam_member.run_reads_url",
            "google_service_account.bartenders_run"
          ]
        }
      ]
    },
    {
      "mode": "managed",
      "type": "google_cloud_run_service_iam_member",
      "name": "public",
      "provider": "provider[\"registry.terraform.io/hashicorp/google\"]",
      "instances": [
        {
          "schema_version": 0,
          "attributes": {
            "condition": [],
            "etag": "BwZPLNL0wSE=",
            "id": "v1/projects/bartenders-464918/locations/us-east1/services/bartenders/roles/run.invoker/allUsers",
            "location": "us-east1",
            "member": "allUsers",
            "project": "bartenders-464918",
            "role": "roles/run.invoker",
            "service": "v1/projects/bartenders-464918/locations/us-east1/services/bartenders"
          },
          "sensitive_attributes": [],
          "identity_schema_version": 0,
          "private": "bnVsbA==",
          "dependencies": [
            "google_artifact_registry_repository.docker_us",
            "google_artifact_registry_repository_iam_member.run_pulls_images",
            "google_cloud_run_v2_service.bartenders",
            "google_project_service.cloudrun",
            "google_project_service.secretmanager",
            "google_secret_manager_secret.supabase_key",
            "google_secret_manager_secret.supabase_url",
            "google_secret_manager_secret_iam_member.run_reads_key",
            "google_secret_manager_secret_iam_member.run_reads_url",
            "google_service_account.bartenders_run"
          ]
        }
      ]
    },
    {
      "mode": "managed",
      "type": "google_cloud_run_v2_service",
      "name": "bartenders",
      "provider": "provider[\"registry.terraform.io/hashicorp/google\"]",
      "instances": [
        {
          "schema_version": 0,
          "attributes": {
            "annotations": {},
            "binary_authorization": [],
            "build_config": [],
            "client": "gcloud",
            "client_version": "564.0.0",
            "conditions": [
              {
                "execution_reason": "",
                "last_transition_time": "2026-04-11T10:39:15.643478Z",
                "message": "",
                "reason": "",
                "revision_reason": "",
                "severity": "",
                "state": "CONDITION_SUCCEEDED",
                "type": "RoutesReady"
              },
              {
                "execution_reason": "",
                "last_transition_time": "2026-04-11T10:39:03.442558Z",
                "message": "",
                "reason": "",
                "revision_reason": "",
                "severity": "",
                "state": "CONDITION_SUCCEEDED",
                "type": "ConfigurationsReady"
              }
            ],
            "create_time": "2026-04-11T10:36:23.395535Z",
            "creator": "kylejharrison@gmail.com",
            "custom_audiences": [],
            "delete_time": "",
            "deletion_protection": false,
            "description": "",
            "effective_annotations": {},
            "effective_labels": {
              "goog-terraform-provisioned": "true"
            },
            "etag": "\"CMbJ6M4GENj0hv8B/cHJvamVjdHMvYmFydGVuZGVycy00NjQ5MTgvbG9jYXRpb25zL3VzLWVhc3QxL3NlcnZpY2VzL2JhcnRlbmRlcnM\"",
            "expire_time": "",
            "generation": "2",
            "id": "projects/bartenders-464918/locations/us-east1/services/bartenders",
            "ingress": "INGRESS_TRAFFIC_ALL",
            "invoker_iam_disabled": false,
            "labels": {},
            "last_modifier": "kylejharrison@gmail.com",
            "latest_created_revision": "projects/bartenders-464918/locations/us-east1/services/bartenders/revisions/bartenders-00002-6qn",
            "latest_ready_revision": "projects/bartenders-464918/locations/us-east1/services/bartenders/revisions/bartenders-00002-6qn",
            "launch_stage": "GA",
            "location": "us-east1",
            "name": "bartenders",
            "observed_generation": "2",
            "project": "bartenders-464918",
            "reconciling": false,
            "scaling": [
              {
                "manual_instance_count": 0,
                "min_instance_count": 0,
                "scaling_mode": ""
              }
            ],
            "template": [
              {
                "annotations": {},
                "containers": [
                  {
                    "args": [],
                    "base_image_uri": "",
                    "build_info": [],
                    "command": [],
                    "depends_on": [],
                    "env": [
                      {
                        "name": "SUPABASE_KEY",
                        "value": "",
                        "value_source": [
                          {
                            "secret_key_ref": [
                              {
                                "secret": "supabase-key",
                                "version": "latest"
                              }
                            ]
                          }
                        ]
                      },
                      {
                        "name": "SUPABASE_URL",
                        "value": "",
                        "value_source": [
                          {
                            "secret_key_ref": [
                              {
                                "secret": "supabase-url",
                                "version": "latest"
                              }
                            ]
                          }
                        ]
                      }
                    ],
                    "image": "us-east1-docker.pkg.dev/bartenders-464918/docker-us/bartenders:9da9b29e6bacb71d05a3856f0bc80da5da80f5c5",
                    "liveness_probe": [],
                    "name": "",
                    "ports": [
                      {
                        "container_port": 8080,
                        "name": "http1"
                      }
                    ],
                    "resources": [
                      {
                        "cpu_idle": true,
                        "limits": {
                          "cpu": "1",
                          "memory": "512Mi"
                        },
                        "startup_cpu_boost": false
                      }
                    ],
                    "startup_probe": [
                      {
                        "failure_threshold": 1,
                        "grpc": [],
                        "http_get": [],
                        "initial_delay_seconds": 0,
                        "period_seconds": 240,
                        "tcp_socket": [
                          {
                            "port": 8080
                          }
                        ],
                        "timeout_seconds": 240
                      }
                    ],
                    "volume_mounts": [],
                    "working_dir": ""
                  }
                ],
                "encryption_key": "",
                "execution_environment": "",
                "gpu_zonal_redundancy_disabled": false,
                "labels": {},
                "max_instance_request_concurrency": 80,
                "node_selector": [],
                "revision": "",
                "scaling": [
                  {
                    "max_instance_count": 3,
                    "min_instance_count": 0
                  }
                ],
                "service_account": "bartenders-run@bartenders-464918.iam.gserviceaccount.com",
                "session_affinity": false,
                "timeout": "300s",
                "volumes": [],
                "vpc_access": []
              }
            ],
            "terminal_condition": [
              {
                "execution_reason": "",
                "last_transition_time": "2026-04-11T10:39:15.666801Z",
                "message": "",
                "reason": "",
                "revision_reason": "",
                "severity": "",
                "state": "CONDITION_SUCCEEDED",
                "type": "Ready"
              }
            ],
            "terraform_labels": {
              "goog-terraform-provisioned": "true"
            },
            "timeouts": null,
            "traffic": [
              {
                "percent": 100,
                "revision": "",
                "tag": "",
                "type": "TRAFFIC_TARGET_ALLOCATION_TYPE_LATEST"
              }
            ],
            "traffic_statuses": [
              {
                "percent": 100,
                "revision": "",
                "tag": "",
                "type": "TRAFFIC_TARGET_ALLOCATION_TYPE_LATEST",
                "uri": ""
              }
            ],
            "uid": "9f38d443-813d-415d-9184-7bfca26990b3",
            "update_time": "2026-04-11T10:39:02.534887Z",
            "uri": "https://bartenders-fttyt7vtiq-ue.a.run.app",
            "urls": [
              "https://bartenders-987774112216.us-east1.run.app",
              "https://bartenders-fttyt7vtiq-ue.a.run.app"
            ]
          },
          "sensitive_attributes": [],
          "identity_schema_version": 0,
          "private": "eyJlMmJmYjczMC1lY2FhLTExZTYtOGY4OC0zNDM2M2JjN2M0YzAiOnsiY3JlYXRlIjoxMjAwMDAwMDAwMDAwLCJkZWxldGUiOjEyMDAwMDAwMDAwMDAsInVwZGF0ZSI6MTIwMDAwMDAwMDAwMH19",
          "dependencies": [
            "google_artifact_registry_repository.docker_us",
            "google_artifact_registry_repository_iam_member.run_pulls_images",
            "google_project_service.cloudrun",
            "google_project_service.secretmanager",
            "google_secret_manager_secret.supabase_key",
            "google_secret_manager_secret.supabase_url",
            "google_secret_manager_secret_iam_member.run_reads_key",
            "google_secret_manager_secret_iam_member.run_reads_url",
            "google_service_account.bartenders_run"
          ]
        }
      ]
    },
    {
      "mode": "managed",
      "type": "google_dns_record_set",
      "name": "cheetahmoongames_a",
      "provider": "provider[\"registry.terraform.io/hashicorp/google\"]",
      "instances": [
        {
          "schema_version": 0,
          "attributes": {
            "id": "projects/bartenders-464918/managedZones/cheetahmoongames-com/rrsets/cheetahmoongames.com./A",
            "managed_zone": "cheetahmoongames-com",
            "name": "cheetahmoongames.com.",
            "project": "bartenders-464918",
            "routing_policy": [],
            "rrdatas": [
              "216.239.32.21",
              "216.239.34.21",
              "216.239.36.21",
              "216.239.38.21"
            ],
            "ttl": 300,
            "type": "A"
          },
          "sensitive_attributes": [],
          "identity_schema_version": 0,
          "private": "bnVsbA==",
          "dependencies": [
            "google_artifact_registry_repository.docker_us",
            "google_artifact_registry_repository_iam_member.run_pulls_images",
            "google_cloud_run_domain_mapping.cheetahmoongames",
            "google_cloud_run_v2_service.bartenders",
            "google_compute_disk.k3s_disk",
            "google_compute_instance.k3s",
            "google_project_service.cloudrun",
            "google_project_service.secretmanager",
            "google_secret_manager_secret.supabase_key",
            "google_secret_manager_secret.supabase_url",
            "google_secret_manager_secret_iam_member.run_reads_key",
            "google_secret_manager_secret_iam_member.run_reads_url",
            "google_service_account.bartenders_run"
          ]
        }
      ]
    },
    {
      "mode": "managed",
      "type": "google_dns_record_set",
      "name": "cheetahmoongames_aaaa",
      "provider": "provider[\"registry.terraform.io/hashicorp/google\"]",
      "instances": [
        {
          "index_key": 0,
          "schema_version": 0,
          "attributes": {
            "id": "projects/bartenders-464918/managedZones/cheetahmoongames-com/rrsets/cheetahmoongames.com./AAAA",
            "managed_zone": "cheetahmoongames-com",
            "name": "cheetahmoongames.com.",
            "project": "bartenders-464918",
            "routing_policy": [],
            "rrdatas": [
              "2001:4860:4802:32::15",
              "2001:4860:4802:34::15",
              "2001:4860:4802:36::15",
              "2001:4860:4802:38::15"
            ],
            "ttl": 300,
            "type": "AAAA"
          },
          "sensitive_attributes": [],
          "identity_schema_version": 0,
          "private": "bnVsbA==",
          "dependencies": [
            "google_artifact_registry_repository.docker_us",
            "google_artifact_registry_repository_iam_member.run_pulls_images",
            "google_cloud_run_domain_mapping.cheetahmoongames",
            "google_cloud_run_v2_service.bartenders",
            "google_project_service.cloudrun",
            "google_project_service.secretmanager",
            "google_secret_manager_secret.supabase_key",
            "google_secret_manager_secret.supabase_url",
            "google_secret_manager_secret_iam_member.run_reads_key",
            "google_secret_manager_secret_iam_member.run_reads_url",
            "google_service_account.bartenders_run"
          ]
        }
      ]
    },
    {
      "mode": "managed",
      "type": "google_project_iam_member",
      "name": "ci_run_developer",
      "provider": "provider[\"registry.terraform.io/hashicorp/google\"]",
      "instances": [
        {
          "schema_version": 0,
          "attributes": {
            "condition": [],
            "etag": "BwZPK/E34Ac=",
            "id": "bartenders-464918/roles/run.developer/serviceAccount:github-terraform@bartenders-464918.iam.gserviceaccount.com",
            "member": "serviceAccount:github-terraform@bartenders-464918.iam.gserviceaccount.com",
            "project": "bartenders-464918",
            "role": "roles/run.developer"
          },
          "sensitive_attributes": [],
          "identity_schema_version": 0,
          "private": "bnVsbA=="
        }
      ]
    },
    {
      "mode": "managed",
      "type": "google_project_service",
      "name": "cloudrun",
      "provider": "provider[\"registry.terraform.io/hashicorp/google\"]",
      "instances": [
        {
          "schema_version": 0,
          "attributes": {
            "disable_dependent_services": null,
            "disable_on_destroy": false,
            "id": "bartenders-464918/run.googleapis.com",
            "project": "bartenders-464918",
            "service": "run.googleapis.com",
            "timeouts": null
          },
          "sensitive_attributes": [],
          "identity_schema_version": 0,
          "private": "eyJlMmJmYjczMC1lY2FhLTExZTYtOGY4OC0zNDM2M2JjN2M0YzAiOnsiY3JlYXRlIjoxMjAwMDAwMDAwMDAwLCJkZWxldGUiOjEyMDAwMDAwMDAwMDAsInJlYWQiOjYwMDAwMDAwMDAwMCwidXBkYXRlIjoxMjAwMDAwMDAwMDAwfX0="
        }
      ]
    },
    {
      "mode": "managed",
      "type": "google_project_service",
      "name": "secretmanager",
      "provider": "provider[\"registry.terraform.io/hashicorp/google\"]",
      "instances": [
        {
          "schema_version": 0,
          "attributes": {
            "disable_dependent_services": null,
            "disable_on_destroy": false,
            "id": "bartenders-464918/secretmanager.googleapis.com",
            "project": "bartenders-464918",
            "service": "secretmanager.googleapis.com",
            "timeouts": null
          },
          "sensitive_attributes": [],
          "identity_schema_version": 0,
          "private": "eyJlMmJmYjczMC1lY2FhLTExZTYtOGY4OC0zNDM2M2JjN2M0YzAiOnsiY3JlYXRlIjoxMjAwMDAwMDAwMDAwLCJkZWxldGUiOjEyMDAwMDAwMDAwMDAsInJlYWQiOjYwMDAwMDAwMDAwMCwidXBkYXRlIjoxMjAwMDAwMDAwMDAwfX0="
        }
      ]
    },
    {
      "mode": "managed",
      "type": "google_secret_manager_secret",
      "name": "supabase_key",
      "provider": "provider[\"registry.terraform.io/hashicorp/google\"]",
      "instances": [
        {
          "schema_version": 0,
          "attributes": {
            "annotations": {},
            "create_time": "2026-04-11T09:33:47.457475Z",
            "deletion_protection": false,
            "effective_annotations": {},
            "effective_labels": {
              "goog-terraform-provisioned": "true"
            },
            "expire_time": "",
            "id": "projects/bartenders-464918/secrets/supabase-key",
            "labels": {},
            "name": "projects/987774112216/secrets/supabase-key",
            "project": "bartenders-464918",
            "replication": [
              {
                "auto": [
                  {
                    "customer_managed_encryption": []
                  }
                ],
                "user_managed": []
              }
            ],
            "rotation": [],
            "secret_id": "supabase-key",
            "tags": null,
            "terraform_labels": {
              "goog-terraform-provisioned": "true"
            },
            "timeouts": null,
            "topics": [],
            "ttl": null,
            "version_aliases": {},
            "version_destroy_ttl": ""
          },
          "sensitive_attributes": [],
          "identity_schema_version": 0,
          "private": "eyJlMmJmYjczMC1lY2FhLTExZTYtOGY4OC0zNDM2M2JjN2M0YzAiOnsiY3JlYXRlIjoxMjAwMDAwMDAwMDAwLCJkZWxldGUiOjEyMDAwMDAwMDAwMDAsInVwZGF0ZSI6MTIwMDAwMDAwMDAwMH19",
          "dependencies": [
            "google_project_service.secretmanager"
          ]
        }
      ]
    },
    {
      "mode": "managed",
      "type": "google_secret_manager_secret",
      "name": "supabase_url",
      "provider": "provider[\"registry.terraform.io/hashicorp/google\"]",
      "instances": [
        {
          "schema_version": 0,
          "attributes": {
            "annotations": {},
            "create_time": "2026-04-11T09:33:47.451165Z",
            "deletion_protection": false,
            "effective_annotations": {},
            "effective_labels": {
              "goog-terraform-provisioned": "true"
            },
            "expire_time": "",
            "id": "projects/bartenders-464918/secrets/supabase-url",
            "labels": {},
            "name": "projects/987774112216/secrets/supabase-url",
            "project": "bartenders-464918",
            "replication": [
              {
                "auto": [
                  {
                    "customer_managed_encryption": []
                  }
                ],
                "user_managed": []
              }
            ],
            "rotation": [],
            "secret_id": "supabase-url",
            "tags": null,
            "terraform_labels": {
              "goog-terraform-provisioned": "true"
            },
            "timeouts": null,
            "topics": [],
            "ttl": null,
            "version_aliases": {},
            "version_destroy_ttl": ""
          },
          "sensitive_attributes": [],
          "identity_schema_version": 0,
          "private": "eyJlMmJmYjczMC1lY2FhLTExZTYtOGY4OC0zNDM2M2JjN2M0YzAiOnsiY3JlYXRlIjoxMjAwMDAwMDAwMDAwLCJkZWxldGUiOjEyMDAwMDAwMDAwMDAsInVwZGF0ZSI6MTIwMDAwMDAwMDAwMH19",
          "dependencies": [
            "google_project_service.secretmanager"
          ]
        }
      ]
    },
    {
      "mode": "managed",
      "type": "google_secret_manager_secret_iam_member",
      "name": "ci_reads_key",
      "provider": "provider[\"registry.terraform.io/hashicorp/google\"]",
      "instances": [
        {
          "schema_version": 0,
          "attributes": {
            "condition": [],
            "etag": "BwZPK/MGLtQ=",
            "id": "projects/bartenders-464918/secrets/supabase-key/roles/secretmanager.secretAccessor/serviceAccount:github-terraform@bartenders-464918.iam.gserviceaccount.com",
            "member": "serviceAccount:github-terraform@bartenders-464918.iam.gserviceaccount.com",
            "project": "bartenders-464918",
            "role": "roles/secretmanager.secretAccessor",
            "secret_id": "projects/bartenders-464918/secrets/supabase-key"
          },
          "sensitive_attributes": [],
          "identity_schema_version": 0,
          "private": "bnVsbA==",
          "dependencies": [
            "google_project_service.secretmanager",
            "google_secret_manager_secret.supabase_key"
          ]
        }
      ]
    },
    {
      "mode": "managed",
      "type": "google_secret_manager_secret_iam_member",
      "name": "ci_reads_url",
      "provider": "provider[\"registry.terraform.io/hashicorp/google\"]",
      "instances": [
        {
          "schema_version": 0,
          "attributes": {
            "condition": [],
            "etag": "BwZPK/L9TGI=",
            "id": "projects/bartenders-464918/secrets/supabase-url/roles/secretmanager.secretAccessor/serviceAccount:github-terraform@bartenders-464918.iam.gserviceaccount.com",
            "member": "serviceAccount:github-terraform@bartenders-464918.iam.gserviceaccount.com",
            "project": "bartenders-464918",
            "role": "roles/secretmanager.secretAccessor",
            "secret_id": "projects/bartenders-464918/secrets/supabase-url"
          },
          "sensitive_attributes": [],
          "identity_schema_version": 0,
          "private": "bnVsbA==",
          "dependencies": [
            "google_project_service.secretmanager",
            "google_secret_manager_secret.supabase_url"
          ]
        }
      ]
    },
    {
      "mode": "managed",
      "type": "google_secret_manager_secret_iam_member",
      "name": "ci_writes_key",
      "provider": "provider[\"registry.terraform.io/hashicorp/google\"]",
      "instances": [
        {
          "schema_version": 0,
          "attributes": {
            "condition": [],
            "etag": "BwZPK/MGLtQ=",
            "id": "projects/bartenders-464918/secrets/supabase-key/roles/secretmanager.secretVersionAdder/serviceAccount:github-terraform@bartenders-464918.iam.gserviceaccount.com",
            "member": "serviceAccount:github-terraform@bartenders-464918.iam.gserviceaccount.com",
            "project": "bartenders-464918",
            "role": "roles/secretmanager.secretVersionAdder",
            "secret_id": "projects/bartenders-464918/secrets/supabase-key"
          },
          "sensitive_attributes": [],
          "identity_schema_version": 0,
          "private": "bnVsbA==",
          "dependencies": [
            "google_project_service.secretmanager",
            "google_secret_manager_secret.supabase_key"
          ]
        }
      ]
    },
    {
      "mode": "managed",
      "type": "google_secret_manager_secret_iam_member",
      "name": "ci_writes_url",
      "provider": "provider[\"registry.terraform.io/hashicorp/google\"]",
      "instances": [
        {
          "schema_version": 0,
          "attributes": {
            "condition": [],
            "etag": "BwZPK/L9TGI=",
            "id": "projects/bartenders-464918/secrets/supabase-url/roles/secretmanager.secretVersionAdder/serviceAccount:github-terraform@bartenders-464918.iam.gserviceaccount.com",
            "member": "serviceAccount:github-terraform@bartenders-464918.iam.gserviceaccount.com",
            "project": "bartenders-464918",
            "role": "roles/secretmanager.secretVersionAdder",
            "secret_id": "projects/bartenders-464918/secrets/supabase-url"
          },
          "sensitive_attributes": [],
          "identity_schema_version": 0,
          "private": "bnVsbA==",
          "dependencies": [
            "google_project_service.secretmanager",
            "google_secret_manager_secret.supabase_url"
          ]
        }
      ]
    },
    {
      "mode": "managed",
      "type": "google_secret_manager_secret_iam_member",
      "name": "run_reads_key",
      "provider": "provider[\"registry.terraform.io/hashicorp/google\"]",
      "instances": [
        {
          "schema_version": 0,
          "attributes": {
            "condition": [],
            "etag": "BwZPK/MGLtQ=",
            "id": "projects/bartenders-464918/secrets/supabase-key/roles/secretmanager.secretAccessor/serviceAccount:bartenders-run@bartenders-464918.iam.gserviceaccount.com",
            "member": "serviceAccount:bartenders-run@bartenders-464918.iam.gserviceaccount.com",
            "project": "bartenders-464918",
            "role": "roles/secretmanager.secretAccessor",
            "secret_id": "projects/bartenders-464918/secrets/supabase-key"
          },
          "sensitive_attributes": [],
          "identity_schema_version": 0,
          "private": "bnVsbA==",
          "dependencies": [
            "google_project_service.secretmanager",
            "google_secret_manager_secret.supabase_key",
            "google_service_account.bartenders_run"
          ]
        }
      ]
    },
    {
      "mode": "managed",
      "type": "google_secret_manager_secret_iam_member",
      "name": "run_reads_url",
      "provider": "provider[\"registry.terraform.io/hashicorp/google\"]",
      "instances": [
        {
          "schema_version": 0,
          "attributes": {
            "condition": [],
            "etag": "BwZPK/L9TGI=",
            "id": "projects/bartenders-464918/secrets/supabase-url/roles/secretmanager.secretAccessor/serviceAccount:bartenders-run@bartenders-464918.iam.gserviceaccount.com",
            "member": "serviceAccount:bartenders-run@bartenders-464918.iam.gserviceaccount.com",
            "project": "bartenders-464918",
            "role": "roles/secretmanager.secretAccessor",
            "secret_id": "projects/bartenders-464918/secrets/supabase-url"
          },
          "sensitive_attributes": [],
          "identity_schema_version": 0,
          "private": "bnVsbA==",
          "dependencies": [
            "google_project_service.secretmanager",
            "google_secret_manager_secret.supabase_url",
            "google_service_account.bartenders_run"
          ]
        }
      ]
    },
    {
      "mode": "managed",
      "type": "google_service_account",
      "name": "bartenders_run",
      "provider": "provider[\"registry.terraform.io/hashicorp/google\"]",
      "instances": [
        {
          "schema_version": 0,
          "attributes": {
            "account_id": "bartenders-run",
            "create_ignore_already_exists": null,
            "description": "",
            "disabled": false,
            "display_name": "Cloud Run service account for bartenders",
            "email": "bartenders-run@bartenders-464918.iam.gserviceaccount.com",
            "id": "projects/bartenders-464918/serviceAccounts/bartenders-run@bartenders-464918.iam.gserviceaccount.com",
            "member": "serviceAccount:bartenders-run@bartenders-464918.iam.gserviceaccount.com",
            "name": "projects/bartenders-464918/serviceAccounts/bartenders-run@bartenders-464918.iam.gserviceaccount.com",
            "project": "bartenders-464918",
            "timeouts": null,
            "unique_id": "112043445838343304335"
          },
          "sensitive_attributes": [],
          "identity_schema_version": 0,
          "private": "eyJlMmJmYjczMC1lY2FhLTExZTYtOGY4OC0zNDM2M2JjN2M0YzAiOnsiY3JlYXRlIjozMDAwMDAwMDAwMDB9fQ=="
        }
      ]
    },
    {
      "mode": "managed",
      "type": "google_service_account_iam_member",
      "name": "ci_impersonates_run_sa",
      "provider": "provider[\"registry.terraform.io/hashicorp/google\"]",
      "instances": [
        {
          "schema_version": 0,
          "attributes": {
            "condition": [],
            "etag": "BwZPK/HCg2A=",
            "id": "projects/bartenders-464918/serviceAccounts/bartenders-run@bartenders-464918.iam.gserviceaccount.com/roles/iam.serviceAccountUser/serviceAccount:github-terraform@bartenders-464918.iam.gserviceaccount.com",
            "member": "serviceAccount:github-terraform@bartenders-464918.iam.gserviceaccount.com",
            "role": "roles/iam.serviceAccountUser",
            "service_account_id": "projects/bartenders-464918/serviceAccounts/bartenders-run@bartenders-464918.iam.gserviceaccount.com"
          },
          "sensitive_attributes": [],
          "identity_schema_version": 0,
          "private": "bnVsbA==",
          "dependencies": [
            "google_service_account.bartenders_run"
          ]
        }
      ]
    },
    {
      "mode": "managed",
      "type": "google_storage_bucket",
      "name": "data",
      "provider": "provider[\"registry.terraform.io/hashicorp/google\"]",
      "instances": [
        {
          "schema_version": 3,
          "attributes": {
            "autoclass": [],
            "cors": [],
            "custom_placement_config": [],
            "default_event_based_hold": false,
            "effective_labels": {
              "app": "bartenders",
              "env": "prod",
              "goog-terraform-provisioned": "true",
              "region": "us-east1",
              "sensitive": "false"
            },
            "enable_object_retention": false,
            "encryption": [],
            "force_destroy": false,
            "hierarchical_namespace": [
              {
                "enabled": false
              }
            ],
            "id": "bartenders-data",
            "ip_filter": [],
            "labels": {
              "app": "bartenders",
              "env": "prod",
              "region": "us-east1",
              "sensitive": "false"
            },
            "lifecycle_rule": [],
            "location": "US-EAST1",
            "logging": [],
            "name": "bartenders-data",
            "project": "bartenders-464918",
            "project_number": 987774112216,
            "public_access_prevention": "inherited",
            "requester_pays": false,
            "retention_policy": [],
            "rpo": null,
            "self_link": "https://www.googleapis.com/storage/v1/b/bartenders-data",
            "soft_delete_policy": [
              {
                "effective_time": "2025-08-28T19:51:25.051Z",
                "retention_duration_seconds": 604800
              }
            ],
            "storage_class": "STANDARD",
            "terraform_labels": {
              "app": "bartenders",
              "env": "prod",
              "goog-terraform-provisioned": "true",
              "region": "us-east1",
              "sensitive": "false"
            },
            "time_created": "2025-08-28T19:51:25.051Z",
            "timeouts": null,
            "uniform_bucket_level_access": false,
            "updated": "2025-08-28T19:51:25.051Z",
            "url": "gs://bartenders-data",
            "versioning": [],
            "website": []
          },
          "sensitive_attributes": [],
          "identity_schema_version": 0,
          "private": "eyJlMmJmYjczMC1lY2FhLTExZTYtOGY4OC0zNDM2M2JjN2M0YzAiOnsiY3JlYXRlIjo2MDAwMDAwMDAwMDAsInJlYWQiOjI0MDAwMDAwMDAwMCwidXBkYXRlIjoyNDAwMDAwMDAwMDB9LCJzY2hlbWFfdmVyc2lvbiI6IjMifQ=="
        }
      ]
    }
  ],
  "check_results": [
    {
      "object_kind": "var",
      "config_addr": "module.ops_agent_policy.var.agents_rule",
      "status": "pass",
      "objects": null
    },
    {
      "object_kind": "var",
      "config_addr": "module.ops_agent_policy.var.zone",
      "status": "pass",
      "objects": null
    },
    {
      "object_kind": "var",
      "config_addr": "var.dns_target",
      "status": "pass",
      "objects": [
        {
          "object_addr": "var.dns_target",
          "status": "pass"
        }
      ]
    }
  ]
}
